
Microsoft Visual Studio Solution File, Format Version 12.00
# Visual Studio Version 17
VisualStudioVersion = 17.5.002.0
MinimumVisualStudioVersion = 10.0.40219.1
Project("{9A19103F-16F7-4668-BE54-9A1E7A4F7556}") = "tpomodoro", "tpomodoro.csproj", "{537CC9CB-83E5-49A6-AE8B-E81A45B75FCD}"
EndProject
Global
	GlobalSection(SolutionConfigurationPlatforms) = preSolution
		Debug|Any CPU = Debug|Any CPU
		Release|Any CPU = Release|Any CPU
	EndGlobalSection
	GlobalSection(ProjectConfigurationPlatforms) = postSolution
		{537CC9CB-83E5-49A6-AE8B-E81A45B75FCD}.Debug|Any CPU.ActiveCfg = Debug|Any CPU
		{537CC9CB-83E5-49A6-AE8B-E81A45B75FCD}.Debug|Any CPU.Build.0 = Debug|Any CPU
		{537CC9CB-83E5-49A6-AE8B-E81A45B75FCD}.Release|Any CPU.ActiveCfg = Release|Any CPU
		{537CC9CB-83E5-49A6-AE8B-E81A45B75FCD}.Release|Any CPU.Build.0 = Release|Any CPU
	EndGlobalSection
	GlobalSection(SolutionProperties) = preSolution
		HideSolutionNode = FALSE
	EndGlobalSection
	GlobalSection(ExtensibilityGlobals) = postSolution
		SolutionGuid = {A85AEBD0-F415-4CD6-ACD6-5EB06DA4BD82}
	EndGlobalSection
EndGlobal
